
Microsoft Visual Studio Solution File, Format Version 12.00
# Visual Studio Version 17
VisualStudioVersion = 17.14.36408.4
MinimumVisualStudioVersion = 10.0.40219.1
Project("{FAE04EC0-301F-11D3-BF4B-00C04F79EFBC}") = "CourseProgect 1.2", "CourseProgect 1.2\CourseProgect 1.2.csproj", "{8F7CEA60-DB1D-4A28-A7CC-994E55158A57}"
EndProject
Global
	GlobalSection(SolutionConfigurationPlatforms) = preSolution
		Debug|Any CPU = Debug|Any CPU
		Release|Any CPU = Release|Any CPU
	EndGlobalSection
	GlobalSection(ProjectConfigurationPlatforms) = postSolution
		{8F7CEA60-DB1D-4A28-A7CC-994E55158A57}.Debug|Any CPU.ActiveCfg = Debug|Any CPU
		{8F7CEA60-DB1D-4A28-A7CC-994E55158A57}.Debug|Any CPU.Build.0 = Debug|Any CPU
		{8F7CEA60-DB1D-4A28-A7CC-994E55158A57}.Release|Any CPU.ActiveCfg = Release|Any CPU
		{8F7CEA60-DB1D-4A28-A7CC-994E55158A57}.Release|Any CPU.Build.0 = Release|Any CPU
	EndGlobalSection
	GlobalSection(SolutionProperties) = preSolution
		HideSolutionNode = FALSE
	EndGlobalSection
	GlobalSection(ExtensibilityGlobals) = postSolution
		SolutionGuid = {4EB96108-0824-405A-8FC0-F7AD6034D459}
	EndGlobalSection
EndGlobal
